
Microsoft Visual Studio Solution File, Format Version 12.00
# Visual Studio 15
Project("{FAE04EC0-301F-11D3-BF4B-00C04F79EFBC}") = "Assembly-CSharp", "Assembly-CSharp.csproj", "{674205FC-7D2E-989C-7E62-BF9BB8E02C33}"
EndProject
Project("{FAE04EC0-301F-11D3-BF4B-00C04F79EFBC}") = "Assembly-CSharp-Editor", "Assembly-CSharp-Editor.csproj", "{66F764F4-7C5D-D162-3F28-A23CD9622B17}"
EndProject
Global
	GlobalSection(SolutionConfigurationPlatforms) = preSolution
		Debug|Any CPU = Debug|Any CPU
		Release|Any CPU = Release|Any CPU
	EndGlobalSection
	GlobalSection(ProjectConfigurationPlatforms) = postSolution
		{674205FC-7D2E-989C-7E62-BF9BB8E02C33}.Debug|Any CPU.ActiveCfg = Debug|Any CPU
		{674205FC-7D2E-989C-7E62-BF9BB8E02C33}.Debug|Any CPU.Build.0 = Debug|Any CPU
		{674205FC-7D2E-989C-7E62-BF9BB8E02C33}.Release|Any CPU.ActiveCfg = Release|Any CPU
		{674205FC-7D2E-989C-7E62-BF9BB8E02C33}.Release|Any CPU.Build.0 = Release|Any CPU
		{66F764F4-7C5D-D162-3F28-A23CD9622B17}.Debug|Any CPU.ActiveCfg = Debug|Any CPU
		{66F764F4-7C5D-D162-3F28-A23CD9622B17}.Debug|Any CPU.Build.0 = Debug|Any CPU
		{66F764F4-7C5D-D162-3F28-A23CD9622B17}.Release|Any CPU.ActiveCfg = Release|Any CPU
		{66F764F4-7C5D-D162-3F28-A23CD9622B17}.Release|Any CPU.Build.0 = Release|Any CPU
	EndGlobalSection
	GlobalSection(SolutionProperties) = preSolution
		HideSolutionNode = FALSE
	EndGlobalSection
EndGlobal
